
Microsoft Visual Studio Solution File, Format Version 12.00
# Visual Studio 15
VisualStudioVersion = 15.0.27130.2010
MinimumVisualStudioVersion = 10.0.40219.1
Project("{8BC9CEB8-8B4A-11D0-8D11-00A0C91BC942}") = "Tutorial2.0", "Tutorial2.0\Tutorial2.0.vcxproj", "{64355D7C-6519-4ACC-A228-CCFFD028A8B7}"
EndProject
Global
	GlobalSection(SolutionConfigurationPlatforms) = preSolution
		Debug|x64 = Debug|x64
		Debug|x86 = Debug|x86
		Release|x64 = Release|x64
		Release|x86 = Release|x86
	EndGlobalSection
	GlobalSection(ProjectConfigurationPlatforms) = postSolution
		{64355D7C-6519-4ACC-A228-CCFFD028A8B7}.Debug|x64.ActiveCfg = Debug|x64
		{64355D7C-6519-4ACC-A228-CCFFD028A8B7}.Debug|x64.Build.0 = Debug|x64
		{64355D7C-6519-4ACC-A228-CCFFD028A8B7}.Debug|x86.ActiveCfg = Debug|Win32
		{64355D7C-6519-4ACC-A228-CCFFD028A8B7}.Debug|x86.Build.0 = Debug|Win32
		{64355D7C-6519-4ACC-A228-CCFFD028A8B7}.Release|x64.ActiveCfg = Release|x64
		{64355D7C-6519-4ACC-A228-CCFFD028A8B7}.Release|x64.Build.0 = Release|x64
		{64355D7C-6519-4ACC-A228-CCFFD028A8B7}.Release|x86.ActiveCfg = Release|Win32
		{64355D7C-6519-4ACC-A228-CCFFD028A8B7}.Release|x86.Build.0 = Release|Win32
	EndGlobalSection
	GlobalSection(SolutionProperties) = preSolution
		HideSolutionNode = FALSE
	EndGlobalSection
	GlobalSection(ExtensibilityGlobals) = postSolution
		SolutionGuid = {27368A80-6BC2-4636-B5FB-E02A8239621A}
	EndGlobalSection
EndGlobal
